
Microsoft Visual Studio Solution File, Format Version 12.00
# Visual Studio 15
VisualStudioVersion = 15.0.27130.2027
MinimumVisualStudioVersion = 10.0.40219.1
Project("{FAE04EC0-301F-11D3-BF4B-00C04F79EFBC}") = "SlackAppLunchOrder", "SlackAppLunchOrder\SlackAppLunchOrder.csproj", "{B9D9A481-7DCC-4CE6-BFF2-B42F6C3CFCCF}"
EndProject
Global
	GlobalSection(SolutionConfigurationPlatforms) = preSolution
		Debug|Any CPU = Debug|Any CPU
		Release|Any CPU = Release|Any CPU
	EndGlobalSection
	GlobalSection(ProjectConfigurationPlatforms) = postSolution
		{B9D9A481-7DCC-4CE6-BFF2-B42F6C3CFCCF}.Debug|Any CPU.ActiveCfg = Debug|Any CPU
		{B9D9A481-7DCC-4CE6-BFF2-B42F6C3CFCCF}.Debug|Any CPU.Build.0 = Debug|Any CPU
		{B9D9A481-7DCC-4CE6-BFF2-B42F6C3CFCCF}.Release|Any CPU.ActiveCfg = Release|Any CPU
		{B9D9A481-7DCC-4CE6-BFF2-B42F6C3CFCCF}.Release|Any CPU.Build.0 = Release|Any CPU
	EndGlobalSection
	GlobalSection(SolutionProperties) = preSolution
		HideSolutionNode = FALSE
	EndGlobalSection
	GlobalSection(ExtensibilityGlobals) = postSolution
		SolutionGuid = {1D3068F7-3132-4269-8287-70878276004D}
	EndGlobalSection
EndGlobal
